
Microsoft Visual Studio Solution File, Format Version 12.00
# Visual Studio Version 17
VisualStudioVersion = 17.3.32825.248
MinimumVisualStudioVersion = 10.0.40219.1
Project("{FAE04EC0-301F-11D3-BF4B-00C04F79EFBC}") = "Satranc_oyunu", "Satranc_oyunu\Satranc_oyunu.csproj", "{4D656CBE-9487-4038-BD0A-8758C5393711}"
EndProject
Global
	GlobalSection(SolutionConfigurationPlatforms) = preSolution
		Debug|Any CPU = Debug|Any CPU
		Release|Any CPU = Release|Any CPU
	EndGlobalSection
	GlobalSection(ProjectConfigurationPlatforms) = postSolution
		{4D656CBE-9487-4038-BD0A-8758C5393711}.Debug|Any CPU.ActiveCfg = Debug|Any CPU
		{4D656CBE-9487-4038-BD0A-8758C5393711}.Debug|Any CPU.Build.0 = Debug|Any CPU
		{4D656CBE-9487-4038-BD0A-8758C5393711}.Release|Any CPU.ActiveCfg = Release|Any CPU
		{4D656CBE-9487-4038-BD0A-8758C5393711}.Release|Any CPU.Build.0 = Release|Any CPU
	EndGlobalSection
	GlobalSection(SolutionProperties) = preSolution
		HideSolutionNode = FALSE
	EndGlobalSection
	GlobalSection(ExtensibilityGlobals) = postSolution
		SolutionGuid = {BCDAD549-4833-46AB-A1E7-1D3221D0838D}
	EndGlobalSection
EndGlobal
